
Microsoft Visual Studio Solution File, Format Version 12.00
# Visual Studio Version 17
VisualStudioVersion = 17.9.34607.119
MinimumVisualStudioVersion = 10.0.40219.1
Project("{9A19103F-16F7-4668-BE54-9A1E7A4F7556}") = "CarSalesAd.API", "CarSalesAd.API\CarSalesAd.API.csproj", "{840A0ADF-219B-4406-B1E6-1E34C971D6E0}"
EndProject
Project("{9A19103F-16F7-4668-BE54-9A1E7A4F7556}") = "CarSalesAd.Services", "CarSalesAd.Services\CarSalesAd.Services.csproj", "{84902CDA-C9E2-45F3-A554-E562B3DA7105}"
EndProject
Project("{9A19103F-16F7-4668-BE54-9A1E7A4F7556}") = "CarSalesAd.DataAccess", "CarSalesAd.DataAccess\CarSalesAd.DataAccess.csproj", "{B63960CC-0A46-4B36-ADDE-28FAAF2CA2EF}"
EndProject
Project("{9A19103F-16F7-4668-BE54-9A1E7A4F7556}") = "CarSalesAd.Core", "CarSalesAd.Core\CarSalesAd.Core.csproj", "{0BEC91C7-06D5-43FB-BF4B-AC1E76ED8410}"
EndProject
Project("{9A19103F-16F7-4668-BE54-9A1E7A4F7556}") = "CarSalesAd.Tests", "CarSalesAd.Tests\CarSalesAd.Tests.csproj", "{88834032-3EE9-4DDE-A003-E0D74D3867FD}"
EndProject
Project("{E53339B2-1760-4266-BCC7-CA923CBCF16C}") = "docker-compose", "docker-compose.dcproj", "{149688D4-8257-4D73-A00E-5C92F2986EF3}"
EndProject
Project("{2150E333-8FDC-42A3-9474-1A3956D46DE8}") = "Services", "Services", "{152F567B-43A8-4EF7-9A69-ECB09091FB89}"
EndProject
Project("{2150E333-8FDC-42A3-9474-1A3956D46DE8}") = "CarSalesAd", "CarSalesAd", "{48B978BE-B3EB-484C-9893-ACE2DA6A1C7E}"
EndProject
Global
	GlobalSection(SolutionConfigurationPlatforms) = preSolution
		Debug|Any CPU = Debug|Any CPU
		Release|Any CPU = Release|Any CPU
	EndGlobalSection
	GlobalSection(ProjectConfigurationPlatforms) = postSolution
		{840A0ADF-219B-4406-B1E6-1E34C971D6E0}.Debug|Any CPU.ActiveCfg = Debug|Any CPU
		{840A0ADF-219B-4406-B1E6-1E34C971D6E0}.Debug|Any CPU.Build.0 = Debug|Any CPU
		{840A0ADF-219B-4406-B1E6-1E34C971D6E0}.Release|Any CPU.ActiveCfg = Release|Any CPU
		{840A0ADF-219B-4406-B1E6-1E34C971D6E0}.Release|Any CPU.Build.0 = Release|Any CPU
		{84902CDA-C9E2-45F3-A554-E562B3DA7105}.Debug|Any CPU.ActiveCfg = Debug|Any CPU
		{84902CDA-C9E2-45F3-A554-E562B3DA7105}.Debug|Any CPU.Build.0 = Debug|Any CPU
		{84902CDA-C9E2-45F3-A554-E562B3DA7105}.Release|Any CPU.ActiveCfg = Release|Any CPU
		{84902CDA-C9E2-45F3-A554-E562B3DA7105}.Release|Any CPU.Build.0 = Release|Any CPU
		{B63960CC-0A46-4B36-ADDE-28FAAF2CA2EF}.Debug|Any CPU.ActiveCfg = Debug|Any CPU
		{B63960CC-0A46-4B36-ADDE-28FAAF2CA2EF}.Debug|Any CPU.Build.0 = Debug|Any CPU
		{B63960CC-0A46-4B36-ADDE-28FAAF2CA2EF}.Release|Any CPU.ActiveCfg = Release|Any CPU
		{B63960CC-0A46-4B36-ADDE-28FAAF2CA2EF}.Release|Any CPU.Build.0 = Release|Any CPU
		{0BEC91C7-06D5-43FB-BF4B-AC1E76ED8410}.Debug|Any CPU.ActiveCfg = Debug|Any CPU
		{0BEC91C7-06D5-43FB-BF4B-AC1E76ED8410}.Debug|Any CPU.Build.0 = Debug|Any CPU
		{0BEC91C7-06D5-43FB-BF4B-AC1E76ED8410}.Release|Any CPU.ActiveCfg = Release|Any CPU
		{0BEC91C7-06D5-43FB-BF4B-AC1E76ED8410}.Release|Any CPU.Build.0 = Release|Any CPU
		{88834032-3EE9-4DDE-A003-E0D74D3867FD}.Debug|Any CPU.ActiveCfg = Debug|Any CPU
		{88834032-3EE9-4DDE-A003-E0D74D3867FD}.Debug|Any CPU.Build.0 = Debug|Any CPU
		{88834032-3EE9-4DDE-A003-E0D74D3867FD}.Release|Any CPU.ActiveCfg = Release|Any CPU
		{88834032-3EE9-4DDE-A003-E0D74D3867FD}.Release|Any CPU.Build.0 = Release|Any CPU
		{149688D4-8257-4D73-A00E-5C92F2986EF3}.Debug|Any CPU.ActiveCfg = Debug|Any CPU
		{149688D4-8257-4D73-A00E-5C92F2986EF3}.Debug|Any CPU.Build.0 = Debug|Any CPU
		{149688D4-8257-4D73-A00E-5C92F2986EF3}.Release|Any CPU.ActiveCfg = Release|Any CPU
		{149688D4-8257-4D73-A00E-5C92F2986EF3}.Release|Any CPU.Build.0 = Release|Any CPU
	EndGlobalSection
	GlobalSection(SolutionProperties) = preSolution
		HideSolutionNode = FALSE
	EndGlobalSection
	GlobalSection(NestedProjects) = preSolution
		{840A0ADF-219B-4406-B1E6-1E34C971D6E0} = {48B978BE-B3EB-484C-9893-ACE2DA6A1C7E}
		{84902CDA-C9E2-45F3-A554-E562B3DA7105} = {48B978BE-B3EB-484C-9893-ACE2DA6A1C7E}
		{B63960CC-0A46-4B36-ADDE-28FAAF2CA2EF} = {48B978BE-B3EB-484C-9893-ACE2DA6A1C7E}
		{0BEC91C7-06D5-43FB-BF4B-AC1E76ED8410} = {48B978BE-B3EB-484C-9893-ACE2DA6A1C7E}
		{88834032-3EE9-4DDE-A003-E0D74D3867FD} = {48B978BE-B3EB-484C-9893-ACE2DA6A1C7E}
		{48B978BE-B3EB-484C-9893-ACE2DA6A1C7E} = {152F567B-43A8-4EF7-9A69-ECB09091FB89}
	EndGlobalSection
	GlobalSection(ExtensibilityGlobals) = postSolution
		SolutionGuid = {750AA9A2-5708-4C38-B048-2AB391CDDDB4}
	EndGlobalSection
EndGlobal
