
Microsoft Visual Studio Solution File, Format Version 12.00
# Visual Studio Version 17
VisualStudioVersion = 17.9.34607.119
MinimumVisualStudioVersion = 10.0.40219.1
Project("{E53339B2-1760-4266-BCC7-CA923CBCF16C}") = "docker-compose", "docker-compose.dcproj", "{149688D4-8257-4D73-A00E-5C92F2986EF3}"
EndProject
Project("{2150E333-8FDC-42A3-9474-1A3956D46DE8}") = "Services", "Services", "{152F567B-43A8-4EF7-9A69-ECB09091FB89}"
EndProject
Project("{2150E333-8FDC-42A3-9474-1A3956D46DE8}") = "CarSalesAd", "CarSalesAd", "{48B978BE-B3EB-484C-9893-ACE2DA6A1C7E}"
EndProject
Project("{9A19103F-16F7-4668-BE54-9A1E7A4F7556}") = "CarSalesAd.API", "Services\CarSalesAd\CarSalesAd.API\CarSalesAd.API.csproj", "{1DA79339-5737-40B7-8864-FA4E618AF422}"
EndProject
Project("{9A19103F-16F7-4668-BE54-9A1E7A4F7556}") = "CarSalesAd.Core", "Services\CarSalesAd\CarSalesAd.Core\CarSalesAd.Core.csproj", "{626F95AC-35C6-478B-A7F4-D496ACCE7DA3}"
EndProject
Project("{9A19103F-16F7-4668-BE54-9A1E7A4F7556}") = "CarSalesAd.DataAccess", "Services\CarSalesAd\CarSalesAd.DataAccess\CarSalesAd.DataAccess.csproj", "{B4A736C9-ADE0-4F44-A71A-2E26D488612C}"
EndProject
Project("{9A19103F-16F7-4668-BE54-9A1E7A4F7556}") = "CarSalesAd.Services", "Services\CarSalesAd\CarSalesAd.Services\CarSalesAd.Services.csproj", "{AB7D3D90-D3F8-4E6D-8E1E-7757C5B195E7}"
EndProject
Project("{9A19103F-16F7-4668-BE54-9A1E7A4F7556}") = "CarSalesAd.Tests", "Services\CarSalesAd\CarSalesAd.Tests\CarSalesAd.Tests.csproj", "{BA91F1D9-A53D-4025-B5EC-29DA6B119BEE}"
EndProject
Global
	GlobalSection(SolutionConfigurationPlatforms) = preSolution
		Debug|Any CPU = Debug|Any CPU
		Release|Any CPU = Release|Any CPU
	EndGlobalSection
	GlobalSection(ProjectConfigurationPlatforms) = postSolution
		{149688D4-8257-4D73-A00E-5C92F2986EF3}.Debug|Any CPU.ActiveCfg = Debug|Any CPU
		{149688D4-8257-4D73-A00E-5C92F2986EF3}.Debug|Any CPU.Build.0 = Debug|Any CPU
		{149688D4-8257-4D73-A00E-5C92F2986EF3}.Release|Any CPU.ActiveCfg = Release|Any CPU
		{149688D4-8257-4D73-A00E-5C92F2986EF3}.Release|Any CPU.Build.0 = Release|Any CPU
		{1DA79339-5737-40B7-8864-FA4E618AF422}.Debug|Any CPU.ActiveCfg = Debug|Any CPU
		{1DA79339-5737-40B7-8864-FA4E618AF422}.Debug|Any CPU.Build.0 = Debug|Any CPU
		{1DA79339-5737-40B7-8864-FA4E618AF422}.Release|Any CPU.ActiveCfg = Release|Any CPU
		{1DA79339-5737-40B7-8864-FA4E618AF422}.Release|Any CPU.Build.0 = Release|Any CPU
		{626F95AC-35C6-478B-A7F4-D496ACCE7DA3}.Debug|Any CPU.ActiveCfg = Debug|Any CPU
		{626F95AC-35C6-478B-A7F4-D496ACCE7DA3}.Debug|Any CPU.Build.0 = Debug|Any CPU
		{626F95AC-35C6-478B-A7F4-D496ACCE7DA3}.Release|Any CPU.ActiveCfg = Release|Any CPU
		{626F95AC-35C6-478B-A7F4-D496ACCE7DA3}.Release|Any CPU.Build.0 = Release|Any CPU
		{B4A736C9-ADE0-4F44-A71A-2E26D488612C}.Debug|Any CPU.ActiveCfg = Debug|Any CPU
		{B4A736C9-ADE0-4F44-A71A-2E26D488612C}.Debug|Any CPU.Build.0 = Debug|Any CPU
		{B4A736C9-ADE0-4F44-A71A-2E26D488612C}.Release|Any CPU.ActiveCfg = Release|Any CPU
		{B4A736C9-ADE0-4F44-A71A-2E26D488612C}.Release|Any CPU.Build.0 = Release|Any CPU
		{AB7D3D90-D3F8-4E6D-8E1E-7757C5B195E7}.Debug|Any CPU.ActiveCfg = Debug|Any CPU
		{AB7D3D90-D3F8-4E6D-8E1E-7757C5B195E7}.Debug|Any CPU.Build.0 = Debug|Any CPU
		{AB7D3D90-D3F8-4E6D-8E1E-7757C5B195E7}.Release|Any CPU.ActiveCfg = Release|Any CPU
		{AB7D3D90-D3F8-4E6D-8E1E-7757C5B195E7}.Release|Any CPU.Build.0 = Release|Any CPU
		{BA91F1D9-A53D-4025-B5EC-29DA6B119BEE}.Debug|Any CPU.ActiveCfg = Debug|Any CPU
		{BA91F1D9-A53D-4025-B5EC-29DA6B119BEE}.Debug|Any CPU.Build.0 = Debug|Any CPU
		{BA91F1D9-A53D-4025-B5EC-29DA6B119BEE}.Release|Any CPU.ActiveCfg = Release|Any CPU
		{BA91F1D9-A53D-4025-B5EC-29DA6B119BEE}.Release|Any CPU.Build.0 = Release|Any CPU
	EndGlobalSection
	GlobalSection(SolutionProperties) = preSolution
		HideSolutionNode = FALSE
	EndGlobalSection
	GlobalSection(NestedProjects) = preSolution
		{48B978BE-B3EB-484C-9893-ACE2DA6A1C7E} = {152F567B-43A8-4EF7-9A69-ECB09091FB89}
		{1DA79339-5737-40B7-8864-FA4E618AF422} = {48B978BE-B3EB-484C-9893-ACE2DA6A1C7E}
		{626F95AC-35C6-478B-A7F4-D496ACCE7DA3} = {48B978BE-B3EB-484C-9893-ACE2DA6A1C7E}
		{B4A736C9-ADE0-4F44-A71A-2E26D488612C} = {48B978BE-B3EB-484C-9893-ACE2DA6A1C7E}
		{AB7D3D90-D3F8-4E6D-8E1E-7757C5B195E7} = {48B978BE-B3EB-484C-9893-ACE2DA6A1C7E}
		{BA91F1D9-A53D-4025-B5EC-29DA6B119BEE} = {48B978BE-B3EB-484C-9893-ACE2DA6A1C7E}
	EndGlobalSection
	GlobalSection(ExtensibilityGlobals) = postSolution
		SolutionGuid = {750AA9A2-5708-4C38-B048-2AB391CDDDB4}
	EndGlobalSection
EndGlobal
