
Microsoft Visual Studio Solution File, Format Version 12.00
# Visual Studio Version 17
VisualStudioVersion = 17.9.34607.119
MinimumVisualStudioVersion = 10.0.40219.1
Project("{2150E333-8FDC-42A3-9474-1A3956D46DE8}") = "Services", "Services", "{F6BD3BF8-3A37-4573-A4EB-47B9843D1B9A}"
EndProject
Project("{2150E333-8FDC-42A3-9474-1A3956D46DE8}") = "CarSalesAd", "CarSalesAd", "{5E4421E8-C2BE-411F-B674-9A41C6DA6A93}"
EndProject
Global
	GlobalSection(SolutionProperties) = preSolution
		HideSolutionNode = FALSE
	EndGlobalSection
	GlobalSection(NestedProjects) = preSolution
		{5E4421E8-C2BE-411F-B674-9A41C6DA6A93} = {F6BD3BF8-3A37-4573-A4EB-47B9843D1B9A}
	EndGlobalSection
	GlobalSection(ExtensibilityGlobals) = postSolution
		SolutionGuid = {750AA9A2-5708-4C38-B048-2AB391CDDDB4}
	EndGlobalSection
EndGlobal
